
Microsoft Visual Studio Solution File, Format Version 12.00
# Visual Studio 14
VisualStudioVersion = 14.0.25420.1
MinimumVisualStudioVersion = 10.0.40219.1
Project("{8BC9CEB8-8B4A-11D0-8D11-00A0C91BC942}") = "main_polinoms", "sample\main_polinoms.vcxproj", "{27FFF164-F947-4C32-BA2D-8E70626D7763}"
	ProjectSection(ProjectDependencies) = postProject
		{4ACCFD3D-795D-4205-8F49-B15BC350952D} = {4ACCFD3D-795D-4205-8F49-B15BC350952D}
		{0BAA5DA4-B43E-4071-976A-33321CC67DD6} = {0BAA5DA4-B43E-4071-976A-33321CC67DD6}
	EndProjectSection
EndProject
Project("{8BC9CEB8-8B4A-11D0-8D11-00A0C91BC942}") = "gtest", "gtest\gtest.vcxproj", "{60932AFC-7808-48B7-B3BF-F2BC151C0065}"
EndProject
Project("{8BC9CEB8-8B4A-11D0-8D11-00A0C91BC942}") = "test", "tests\test.vcxproj", "{095DC6BC-F4E4-4529-B401-8B7FF25FDC41}"
	ProjectSection(ProjectDependencies) = postProject
		{4ACCFD3D-795D-4205-8F49-B15BC350952D} = {4ACCFD3D-795D-4205-8F49-B15BC350952D}
		{0BAA5DA4-B43E-4071-976A-33321CC67DD6} = {0BAA5DA4-B43E-4071-976A-33321CC67DD6}
		{60932AFC-7808-48B7-B3BF-F2BC151C0065} = {60932AFC-7808-48B7-B3BF-F2BC151C0065}
	EndProjectSection
EndProject
Project("{8BC9CEB8-8B4A-11D0-8D11-00A0C91BC942}") = "List", "List\List.vcxproj", "{4ACCFD3D-795D-4205-8F49-B15BC350952D}"
EndProject
Project("{8BC9CEB8-8B4A-11D0-8D11-00A0C91BC942}") = "Table", "Table\Table.vcxproj", "{0BAA5DA4-B43E-4071-976A-33321CC67DD6}"
EndProject
Global
	GlobalSection(SolutionConfigurationPlatforms) = preSolution
		Debug|Win32 = Debug|Win32
		Debug|x64 = Debug|x64
		Release|Win32 = Release|Win32
		Release|x64 = Release|x64
	EndGlobalSection
	GlobalSection(ProjectConfigurationPlatforms) = postSolution
		{27FFF164-F947-4C32-BA2D-8E70626D7763}.Debug|Win32.ActiveCfg = Debug|Win32
		{27FFF164-F947-4C32-BA2D-8E70626D7763}.Debug|Win32.Build.0 = Debug|Win32
		{27FFF164-F947-4C32-BA2D-8E70626D7763}.Debug|x64.ActiveCfg = Debug|Win32
		{27FFF164-F947-4C32-BA2D-8E70626D7763}.Release|Win32.ActiveCfg = Release|Win32
		{27FFF164-F947-4C32-BA2D-8E70626D7763}.Release|Win32.Build.0 = Release|Win32
		{27FFF164-F947-4C32-BA2D-8E70626D7763}.Release|x64.ActiveCfg = Release|Win32
		{60932AFC-7808-48B7-B3BF-F2BC151C0065}.Debug|Win32.ActiveCfg = Debug|Win32
		{60932AFC-7808-48B7-B3BF-F2BC151C0065}.Debug|Win32.Build.0 = Debug|Win32
		{60932AFC-7808-48B7-B3BF-F2BC151C0065}.Debug|x64.ActiveCfg = Debug|Win32
		{60932AFC-7808-48B7-B3BF-F2BC151C0065}.Release|Win32.ActiveCfg = Release|Win32
		{60932AFC-7808-48B7-B3BF-F2BC151C0065}.Release|Win32.Build.0 = Release|Win32
		{60932AFC-7808-48B7-B3BF-F2BC151C0065}.Release|x64.ActiveCfg = Release|Win32
		{095DC6BC-F4E4-4529-B401-8B7FF25FDC41}.Debug|Win32.ActiveCfg = Debug|Win32
		{095DC6BC-F4E4-4529-B401-8B7FF25FDC41}.Debug|Win32.Build.0 = Debug|Win32
		{095DC6BC-F4E4-4529-B401-8B7FF25FDC41}.Debug|x64.ActiveCfg = Debug|Win32
		{095DC6BC-F4E4-4529-B401-8B7FF25FDC41}.Release|Win32.ActiveCfg = Release|Win32
		{095DC6BC-F4E4-4529-B401-8B7FF25FDC41}.Release|Win32.Build.0 = Release|Win32
		{095DC6BC-F4E4-4529-B401-8B7FF25FDC41}.Release|x64.ActiveCfg = Release|Win32
		{4ACCFD3D-795D-4205-8F49-B15BC350952D}.Debug|Win32.ActiveCfg = Debug|Win32
		{4ACCFD3D-795D-4205-8F49-B15BC350952D}.Debug|Win32.Build.0 = Debug|Win32
		{4ACCFD3D-795D-4205-8F49-B15BC350952D}.Debug|x64.ActiveCfg = Debug|x64
		{4ACCFD3D-795D-4205-8F49-B15BC350952D}.Debug|x64.Build.0 = Debug|x64
		{4ACCFD3D-795D-4205-8F49-B15BC350952D}.Release|Win32.ActiveCfg = Release|Win32
		{4ACCFD3D-795D-4205-8F49-B15BC350952D}.Release|Win32.Build.0 = Release|Win32
		{4ACCFD3D-795D-4205-8F49-B15BC350952D}.Release|x64.ActiveCfg = Release|x64
		{4ACCFD3D-795D-4205-8F49-B15BC350952D}.Release|x64.Build.0 = Release|x64
		{0BAA5DA4-B43E-4071-976A-33321CC67DD6}.Debug|Win32.ActiveCfg = Debug|Win32
		{0BAA5DA4-B43E-4071-976A-33321CC67DD6}.Debug|Win32.Build.0 = Debug|Win32
		{0BAA5DA4-B43E-4071-976A-33321CC67DD6}.Debug|x64.ActiveCfg = Debug|x64
		{0BAA5DA4-B43E-4071-976A-33321CC67DD6}.Debug|x64.Build.0 = Debug|x64
		{0BAA5DA4-B43E-4071-976A-33321CC67DD6}.Release|Win32.ActiveCfg = Release|Win32
		{0BAA5DA4-B43E-4071-976A-33321CC67DD6}.Release|Win32.Build.0 = Release|Win32
		{0BAA5DA4-B43E-4071-976A-33321CC67DD6}.Release|x64.ActiveCfg = Release|x64
		{0BAA5DA4-B43E-4071-976A-33321CC67DD6}.Release|x64.Build.0 = Release|x64
	EndGlobalSection
	GlobalSection(SolutionProperties) = preSolution
		HideSolutionNode = FALSE
	EndGlobalSection
EndGlobal
